
Microsoft Visual Studio Solution File, Format Version 12.00
# Visual Studio Version 17
VisualStudioVersion = 17.11.35431.28
MinimumVisualStudioVersion = 10.0.40219.1
Project("{8BC9CEB8-8B4A-11D0-8D11-00A0C91BC942}") = "re_base_c_proj", "re_base_c_proj\re_base_c_proj.vcxproj", "{54CB7DB5-9579-43A9-B0D0-B69B0DFF5300}"
EndProject
Project("{8BC9CEB8-8B4A-11D0-8D11-00A0C91BC942}") = "01_get_char", "01_get_char\01_get_char.vcxproj", "{1619505E-7173-48FA-A96F-978F7E2B89B4}"
EndProject
Project("{8BC9CEB8-8B4A-11D0-8D11-00A0C91BC942}") = "02_get_ch", "02_get_ch\02_get_ch.vcxproj", "{44FBA92A-E849-412C-9C9F-54E7B4EFF104}"
EndProject
Project("{8BC9CEB8-8B4A-11D0-8D11-00A0C91BC942}") = "03_gets_puts", "03_gets_puts\03_gets_puts.vcxproj", "{6D055640-6D71-46ED-8FBE-202D787E1FBC}"
EndProject
Project("{8BC9CEB8-8B4A-11D0-8D11-00A0C91BC942}") = "04_scanf", "04_scanf\04_scanf.vcxproj", "{77D2A677-E9EA-4BFC-A1F0-2DA7FC7134D9}"
EndProject
Project("{8BC9CEB8-8B4A-11D0-8D11-00A0C91BC942}") = "05_scanf_buffers", "05_scanf_buffers\05_scanf_buffers.vcxproj", "{2D389218-CA53-4406-8F8D-CA4D736DE8A4}"
EndProject
Project("{8BC9CEB8-8B4A-11D0-8D11-00A0C91BC942}") = "06_scanf_delete_0a", "06_scanf_delete_0a\06_scanf_delete_0a.vcxproj", "{8A2DE93F-132C-42F1-8B7C-BE646C33D499}"
EndProject
Project("{8BC9CEB8-8B4A-11D0-8D11-00A0C91BC942}") = "07_scanf_typebase", "07_scanf_typebase\07_scanf_typebase.vcxproj", "{BCF36EDD-7C9A-42F9-ACCE-D5F0BA860751}"
EndProject
Project("{2150E333-8FDC-42A3-9474-1A3956D46DE8}") = "exercise", "exercise", "{40A541B9-8013-443E-9EE6-28AE2E95D28F}"
EndProject
Project("{2150E333-8FDC-42A3-9474-1A3956D46DE8}") = "practice", "practice", "{76F50FB5-3E45-4E84-91D3-7B139C840E81}"
EndProject
Project("{8BC9CEB8-8B4A-11D0-8D11-00A0C91BC942}") = "01_input", "01_input\01_input.vcxproj", "{52C08B21-C985-4E01-9C7A-8553ED5316AF}"
EndProject
Project("{8BC9CEB8-8B4A-11D0-8D11-00A0C91BC942}") = "02_avg", "02_avg\02_avg.vcxproj", "{37809ACC-4B93-4FF8-9B3E-778C820F0FBA}"
EndProject
Project("{8BC9CEB8-8B4A-11D0-8D11-00A0C91BC942}") = "03_seconds", "03_seconds\03_seconds.vcxproj", "{FEC99ACD-4F58-4E25-A3C5-7E8CA8616A5B}"
EndProject
Project("{8BC9CEB8-8B4A-11D0-8D11-00A0C91BC942}") = "04_swap", "04_swap\04_swap.vcxproj", "{44E3C326-4EC7-46F6-A209-A7FA2A46F7FB}"
EndProject
Global
	GlobalSection(SolutionConfigurationPlatforms) = preSolution
		Debug|x64 = Debug|x64
		Debug|x86 = Debug|x86
		Release|x64 = Release|x64
		Release|x86 = Release|x86
	EndGlobalSection
	GlobalSection(ProjectConfigurationPlatforms) = postSolution
		{54CB7DB5-9579-43A9-B0D0-B69B0DFF5300}.Debug|x64.ActiveCfg = Debug|x64
		{54CB7DB5-9579-43A9-B0D0-B69B0DFF5300}.Debug|x64.Build.0 = Debug|x64
		{54CB7DB5-9579-43A9-B0D0-B69B0DFF5300}.Debug|x86.ActiveCfg = Debug|Win32
		{54CB7DB5-9579-43A9-B0D0-B69B0DFF5300}.Debug|x86.Build.0 = Debug|Win32
		{54CB7DB5-9579-43A9-B0D0-B69B0DFF5300}.Release|x64.ActiveCfg = Release|x64
		{54CB7DB5-9579-43A9-B0D0-B69B0DFF5300}.Release|x64.Build.0 = Release|x64
		{54CB7DB5-9579-43A9-B0D0-B69B0DFF5300}.Release|x86.ActiveCfg = Release|Win32
		{54CB7DB5-9579-43A9-B0D0-B69B0DFF5300}.Release|x86.Build.0 = Release|Win32
		{1619505E-7173-48FA-A96F-978F7E2B89B4}.Debug|x64.ActiveCfg = Debug|x64
		{1619505E-7173-48FA-A96F-978F7E2B89B4}.Debug|x64.Build.0 = Debug|x64
		{1619505E-7173-48FA-A96F-978F7E2B89B4}.Debug|x86.ActiveCfg = Debug|Win32
		{1619505E-7173-48FA-A96F-978F7E2B89B4}.Debug|x86.Build.0 = Debug|Win32
		{1619505E-7173-48FA-A96F-978F7E2B89B4}.Release|x64.ActiveCfg = Release|x64
		{1619505E-7173-48FA-A96F-978F7E2B89B4}.Release|x64.Build.0 = Release|x64
		{1619505E-7173-48FA-A96F-978F7E2B89B4}.Release|x86.ActiveCfg = Release|Win32
		{1619505E-7173-48FA-A96F-978F7E2B89B4}.Release|x86.Build.0 = Release|Win32
		{44FBA92A-E849-412C-9C9F-54E7B4EFF104}.Debug|x64.ActiveCfg = Debug|x64
		{44FBA92A-E849-412C-9C9F-54E7B4EFF104}.Debug|x64.Build.0 = Debug|x64
		{44FBA92A-E849-412C-9C9F-54E7B4EFF104}.Debug|x86.ActiveCfg = Debug|Win32
		{44FBA92A-E849-412C-9C9F-54E7B4EFF104}.Debug|x86.Build.0 = Debug|Win32
		{44FBA92A-E849-412C-9C9F-54E7B4EFF104}.Release|x64.ActiveCfg = Release|x64
		{44FBA92A-E849-412C-9C9F-54E7B4EFF104}.Release|x64.Build.0 = Release|x64
		{44FBA92A-E849-412C-9C9F-54E7B4EFF104}.Release|x86.ActiveCfg = Release|Win32
		{44FBA92A-E849-412C-9C9F-54E7B4EFF104}.Release|x86.Build.0 = Release|Win32
		{6D055640-6D71-46ED-8FBE-202D787E1FBC}.Debug|x64.ActiveCfg = Debug|x64
		{6D055640-6D71-46ED-8FBE-202D787E1FBC}.Debug|x64.Build.0 = Debug|x64
		{6D055640-6D71-46ED-8FBE-202D787E1FBC}.Debug|x86.ActiveCfg = Debug|Win32
		{6D055640-6D71-46ED-8FBE-202D787E1FBC}.Debug|x86.Build.0 = Debug|Win32
		{6D055640-6D71-46ED-8FBE-202D787E1FBC}.Release|x64.ActiveCfg = Release|x64
		{6D055640-6D71-46ED-8FBE-202D787E1FBC}.Release|x64.Build.0 = Release|x64
		{6D055640-6D71-46ED-8FBE-202D787E1FBC}.Release|x86.ActiveCfg = Release|Win32
		{6D055640-6D71-46ED-8FBE-202D787E1FBC}.Release|x86.Build.0 = Release|Win32
		{77D2A677-E9EA-4BFC-A1F0-2DA7FC7134D9}.Debug|x64.ActiveCfg = Debug|x64
		{77D2A677-E9EA-4BFC-A1F0-2DA7FC7134D9}.Debug|x64.Build.0 = Debug|x64
		{77D2A677-E9EA-4BFC-A1F0-2DA7FC7134D9}.Debug|x86.ActiveCfg = Debug|Win32
		{77D2A677-E9EA-4BFC-A1F0-2DA7FC7134D9}.Debug|x86.Build.0 = Debug|Win32
		{77D2A677-E9EA-4BFC-A1F0-2DA7FC7134D9}.Release|x64.ActiveCfg = Release|x64
		{77D2A677-E9EA-4BFC-A1F0-2DA7FC7134D9}.Release|x64.Build.0 = Release|x64
		{77D2A677-E9EA-4BFC-A1F0-2DA7FC7134D9}.Release|x86.ActiveCfg = Release|Win32
		{77D2A677-E9EA-4BFC-A1F0-2DA7FC7134D9}.Release|x86.Build.0 = Release|Win32
		{2D389218-CA53-4406-8F8D-CA4D736DE8A4}.Debug|x64.ActiveCfg = Debug|x64
		{2D389218-CA53-4406-8F8D-CA4D736DE8A4}.Debug|x64.Build.0 = Debug|x64
		{2D389218-CA53-4406-8F8D-CA4D736DE8A4}.Debug|x86.ActiveCfg = Debug|Win32
		{2D389218-CA53-4406-8F8D-CA4D736DE8A4}.Debug|x86.Build.0 = Debug|Win32
		{2D389218-CA53-4406-8F8D-CA4D736DE8A4}.Release|x64.ActiveCfg = Release|x64
		{2D389218-CA53-4406-8F8D-CA4D736DE8A4}.Release|x64.Build.0 = Release|x64
		{2D389218-CA53-4406-8F8D-CA4D736DE8A4}.Release|x86.ActiveCfg = Release|Win32
		{2D389218-CA53-4406-8F8D-CA4D736DE8A4}.Release|x86.Build.0 = Release|Win32
		{8A2DE93F-132C-42F1-8B7C-BE646C33D499}.Debug|x64.ActiveCfg = Debug|x64
		{8A2DE93F-132C-42F1-8B7C-BE646C33D499}.Debug|x64.Build.0 = Debug|x64
		{8A2DE93F-132C-42F1-8B7C-BE646C33D499}.Debug|x86.ActiveCfg = Debug|Win32
		{8A2DE93F-132C-42F1-8B7C-BE646C33D499}.Debug|x86.Build.0 = Debug|Win32
		{8A2DE93F-132C-42F1-8B7C-BE646C33D499}.Release|x64.ActiveCfg = Release|x64
		{8A2DE93F-132C-42F1-8B7C-BE646C33D499}.Release|x64.Build.0 = Release|x64
		{8A2DE93F-132C-42F1-8B7C-BE646C33D499}.Release|x86.ActiveCfg = Release|Win32
		{8A2DE93F-132C-42F1-8B7C-BE646C33D499}.Release|x86.Build.0 = Release|Win32
		{BCF36EDD-7C9A-42F9-ACCE-D5F0BA860751}.Debug|x64.ActiveCfg = Debug|x64
		{BCF36EDD-7C9A-42F9-ACCE-D5F0BA860751}.Debug|x64.Build.0 = Debug|x64
		{BCF36EDD-7C9A-42F9-ACCE-D5F0BA860751}.Debug|x86.ActiveCfg = Debug|Win32
		{BCF36EDD-7C9A-42F9-ACCE-D5F0BA860751}.Debug|x86.Build.0 = Debug|Win32
		{BCF36EDD-7C9A-42F9-ACCE-D5F0BA860751}.Release|x64.ActiveCfg = Release|x64
		{BCF36EDD-7C9A-42F9-ACCE-D5F0BA860751}.Release|x64.Build.0 = Release|x64
		{BCF36EDD-7C9A-42F9-ACCE-D5F0BA860751}.Release|x86.ActiveCfg = Release|Win32
		{BCF36EDD-7C9A-42F9-ACCE-D5F0BA860751}.Release|x86.Build.0 = Release|Win32
		{52C08B21-C985-4E01-9C7A-8553ED5316AF}.Debug|x64.ActiveCfg = Debug|x64
		{52C08B21-C985-4E01-9C7A-8553ED5316AF}.Debug|x64.Build.0 = Debug|x64
		{52C08B21-C985-4E01-9C7A-8553ED5316AF}.Debug|x86.ActiveCfg = Debug|Win32
		{52C08B21-C985-4E01-9C7A-8553ED5316AF}.Debug|x86.Build.0 = Debug|Win32
		{52C08B21-C985-4E01-9C7A-8553ED5316AF}.Release|x64.ActiveCfg = Release|x64
		{52C08B21-C985-4E01-9C7A-8553ED5316AF}.Release|x64.Build.0 = Release|x64
		{52C08B21-C985-4E01-9C7A-8553ED5316AF}.Release|x86.ActiveCfg = Release|Win32
		{52C08B21-C985-4E01-9C7A-8553ED5316AF}.Release|x86.Build.0 = Release|Win32
		{37809ACC-4B93-4FF8-9B3E-778C820F0FBA}.Debug|x64.ActiveCfg = Debug|x64
		{37809ACC-4B93-4FF8-9B3E-778C820F0FBA}.Debug|x64.Build.0 = Debug|x64
		{37809ACC-4B93-4FF8-9B3E-778C820F0FBA}.Debug|x86.ActiveCfg = Debug|Win32
		{37809ACC-4B93-4FF8-9B3E-778C820F0FBA}.Debug|x86.Build.0 = Debug|Win32
		{37809ACC-4B93-4FF8-9B3E-778C820F0FBA}.Release|x64.ActiveCfg = Release|x64
		{37809ACC-4B93-4FF8-9B3E-778C820F0FBA}.Release|x64.Build.0 = Release|x64
		{37809ACC-4B93-4FF8-9B3E-778C820F0FBA}.Release|x86.ActiveCfg = Release|Win32
		{37809ACC-4B93-4FF8-9B3E-778C820F0FBA}.Release|x86.Build.0 = Release|Win32
		{FEC99ACD-4F58-4E25-A3C5-7E8CA8616A5B}.Debug|x64.ActiveCfg = Debug|x64
		{FEC99ACD-4F58-4E25-A3C5-7E8CA8616A5B}.Debug|x64.Build.0 = Debug|x64
		{FEC99ACD-4F58-4E25-A3C5-7E8CA8616A5B}.Debug|x86.ActiveCfg = Debug|Win32
		{FEC99ACD-4F58-4E25-A3C5-7E8CA8616A5B}.Debug|x86.Build.0 = Debug|Win32
		{FEC99ACD-4F58-4E25-A3C5-7E8CA8616A5B}.Release|x64.ActiveCfg = Release|x64
		{FEC99ACD-4F58-4E25-A3C5-7E8CA8616A5B}.Release|x64.Build.0 = Release|x64
		{FEC99ACD-4F58-4E25-A3C5-7E8CA8616A5B}.Release|x86.ActiveCfg = Release|Win32
		{FEC99ACD-4F58-4E25-A3C5-7E8CA8616A5B}.Release|x86.Build.0 = Release|Win32
		{44E3C326-4EC7-46F6-A209-A7FA2A46F7FB}.Debug|x64.ActiveCfg = Debug|x64
		{44E3C326-4EC7-46F6-A209-A7FA2A46F7FB}.Debug|x64.Build.0 = Debug|x64
		{44E3C326-4EC7-46F6-A209-A7FA2A46F7FB}.Debug|x86.ActiveCfg = Debug|Win32
		{44E3C326-4EC7-46F6-A209-A7FA2A46F7FB}.Debug|x86.Build.0 = Debug|Win32
		{44E3C326-4EC7-46F6-A209-A7FA2A46F7FB}.Release|x64.ActiveCfg = Release|x64
		{44E3C326-4EC7-46F6-A209-A7FA2A46F7FB}.Release|x64.Build.0 = Release|x64
		{44E3C326-4EC7-46F6-A209-A7FA2A46F7FB}.Release|x86.ActiveCfg = Release|Win32
		{44E3C326-4EC7-46F6-A209-A7FA2A46F7FB}.Release|x86.Build.0 = Release|Win32
	EndGlobalSection
	GlobalSection(SolutionProperties) = preSolution
		HideSolutionNode = FALSE
	EndGlobalSection
	GlobalSection(NestedProjects) = preSolution
		{1619505E-7173-48FA-A96F-978F7E2B89B4} = {40A541B9-8013-443E-9EE6-28AE2E95D28F}
		{44FBA92A-E849-412C-9C9F-54E7B4EFF104} = {40A541B9-8013-443E-9EE6-28AE2E95D28F}
		{6D055640-6D71-46ED-8FBE-202D787E1FBC} = {40A541B9-8013-443E-9EE6-28AE2E95D28F}
		{77D2A677-E9EA-4BFC-A1F0-2DA7FC7134D9} = {40A541B9-8013-443E-9EE6-28AE2E95D28F}
		{2D389218-CA53-4406-8F8D-CA4D736DE8A4} = {40A541B9-8013-443E-9EE6-28AE2E95D28F}
		{8A2DE93F-132C-42F1-8B7C-BE646C33D499} = {40A541B9-8013-443E-9EE6-28AE2E95D28F}
		{BCF36EDD-7C9A-42F9-ACCE-D5F0BA860751} = {40A541B9-8013-443E-9EE6-28AE2E95D28F}
		{52C08B21-C985-4E01-9C7A-8553ED5316AF} = {76F50FB5-3E45-4E84-91D3-7B139C840E81}
		{37809ACC-4B93-4FF8-9B3E-778C820F0FBA} = {76F50FB5-3E45-4E84-91D3-7B139C840E81}
		{FEC99ACD-4F58-4E25-A3C5-7E8CA8616A5B} = {76F50FB5-3E45-4E84-91D3-7B139C840E81}
		{44E3C326-4EC7-46F6-A209-A7FA2A46F7FB} = {76F50FB5-3E45-4E84-91D3-7B139C840E81}
	EndGlobalSection
	GlobalSection(ExtensibilityGlobals) = postSolution
		SolutionGuid = {8F0BB240-C704-4871-B4A1-A4495D1C2CF9}
	EndGlobalSection
EndGlobal
